{
  "name": "mindcontrol2",
  "requires": true,
  "lockfileVersion": 1,
  "dependencies": {
    "@babel/runtime": {
      "version": "7.0.0-beta.46",
      "resolved": "https://registry.npmjs.org/@babel/runtime/-/runtime-7.0.0-beta.46.tgz",
      "integrity": "sha512-/3a3USMKk54BEHhDgY8rtxtaQOs4bp4aQwo6SDtdwmrXmgSgEusWuXNX5oIs/nwzmTD9o8wz2EyAjA+uHDMmJA==",
      "requires": {
        "core-js": "2.5.6",
        "regenerator-runtime": "0.11.1"
      }
    },
    "core-js": {
      "version": "2.5.6",
      "resolved": "https://registry.npmjs.org/core-js/-/core-js-2.5.6.tgz",
      "integrity": "sha512-lQUVfQi0aLix2xpyjrrJEvfuYCqPc/HwmTKsC/VNf8q0zsjX7SQZtp4+oRONN5Tsur9GDETPjj+Ub2iDiGZfSQ=="
    },
    "regenerator-runtime": {
      "version": "0.11.1",
      "resolved": "https://registry.npmjs.org/regenerator-runtime/-/regenerator-runtime-0.11.1.tgz",
      "integrity": "sha512-MguG95oij0fC3QV3URf4V2SDYGJhJnJGqvIIgdECeODCT98wSWDAJ94SSuVpYQUoTcGUIL6L4yNB7j1DFFHSBg=="
    }
  }
}
